
Microsoft Visual Studio Solution File, Format Version 12.00
# Visual Studio 15
VisualStudioVersion = 15.0.27428.2015
MinimumVisualStudioVersion = 10.0.40219.1
Project("{FAE04EC0-301F-11D3-BF4B-00C04F79EFBC}") = "ConsoleApp1", "ConsoleApp1\ConsoleApp1.csproj", "{B0366B9B-72A4-44C5-88A1-34B960222720}"
EndProject
Global
	GlobalSection(SolutionConfigurationPlatforms) = preSolution
		Debug|Any CPU = Debug|Any CPU
		Release|Any CPU = Release|Any CPU
	EndGlobalSection
	GlobalSection(ProjectConfigurationPlatforms) = postSolution
		{B0366B9B-72A4-44C5-88A1-34B960222720}.Debug|Any CPU.ActiveCfg = Debug|Any CPU
		{B0366B9B-72A4-44C5-88A1-34B960222720}.Debug|Any CPU.Build.0 = Debug|Any CPU
		{B0366B9B-72A4-44C5-88A1-34B960222720}.Release|Any CPU.ActiveCfg = Release|Any CPU
		{B0366B9B-72A4-44C5-88A1-34B960222720}.Release|Any CPU.Build.0 = Release|Any CPU
	EndGlobalSection
	GlobalSection(SolutionProperties) = preSolution
		HideSolutionNode = FALSE
	EndGlobalSection
	GlobalSection(ExtensibilityGlobals) = postSolution
		SolutionGuid = {6A761F17-D592-4977-9FBF-0B812CA58FBE}
	EndGlobalSection
EndGlobal
